
Microsoft Visual Studio Solution File, Format Version 12.00
# Visual Studio Version 17
VisualStudioVersion = 17.10.34916.146
MinimumVisualStudioVersion = 10.0.40219.1
Project("{9A19103F-16F7-4668-BE54-9A1E7A4F7556}") = "ArticalProject", "ArticalProject\ArticalProject.csproj", "{4E319396-C1AA-43E5-944C-5409FD3C878A}"
EndProject
Project("{9A19103F-16F7-4668-BE54-9A1E7A4F7556}") = "ArticalProject.Core", "ArticalProject.Core\ArticalProject.Core.csproj", "{7FE8E932-D6BC-4C87-A8A6-38345A48B390}"
EndProject
Project("{9A19103F-16F7-4668-BE54-9A1E7A4F7556}") = "ArticalProject.Data", "ArticalProject.Data\ArticalProject.Data.csproj", "{B8A949C0-D659-4442-8016-9800EEC7B9B2}"
EndProject
Project("{9A19103F-16F7-4668-BE54-9A1E7A4F7556}") = "ArticalProject.Test", "ArticalProject.Test\ArticalProject.Test.csproj", "{FF9FD04F-3121-4704-B73B-00EC53C736F1}"
EndProject
Global
	GlobalSection(SolutionConfigurationPlatforms) = preSolution
		Debug|Any CPU = Debug|Any CPU
		Release|Any CPU = Release|Any CPU
	EndGlobalSection
	GlobalSection(ProjectConfigurationPlatforms) = postSolution
		{4E319396-C1AA-43E5-944C-5409FD3C878A}.Debug|Any CPU.ActiveCfg = Debug|Any CPU
		{4E319396-C1AA-43E5-944C-5409FD3C878A}.Debug|Any CPU.Build.0 = Debug|Any CPU
		{4E319396-C1AA-43E5-944C-5409FD3C878A}.Release|Any CPU.ActiveCfg = Release|Any CPU
		{4E319396-C1AA-43E5-944C-5409FD3C878A}.Release|Any CPU.Build.0 = Release|Any CPU
		{7FE8E932-D6BC-4C87-A8A6-38345A48B390}.Debug|Any CPU.ActiveCfg = Debug|Any CPU
		{7FE8E932-D6BC-4C87-A8A6-38345A48B390}.Debug|Any CPU.Build.0 = Debug|Any CPU
		{7FE8E932-D6BC-4C87-A8A6-38345A48B390}.Release|Any CPU.ActiveCfg = Release|Any CPU
		{7FE8E932-D6BC-4C87-A8A6-38345A48B390}.Release|Any CPU.Build.0 = Release|Any CPU
		{B8A949C0-D659-4442-8016-9800EEC7B9B2}.Debug|Any CPU.ActiveCfg = Debug|Any CPU
		{B8A949C0-D659-4442-8016-9800EEC7B9B2}.Debug|Any CPU.Build.0 = Debug|Any CPU
		{B8A949C0-D659-4442-8016-9800EEC7B9B2}.Release|Any CPU.ActiveCfg = Release|Any CPU
		{B8A949C0-D659-4442-8016-9800EEC7B9B2}.Release|Any CPU.Build.0 = Release|Any CPU
		{FF9FD04F-3121-4704-B73B-00EC53C736F1}.Debug|Any CPU.ActiveCfg = Debug|Any CPU
		{FF9FD04F-3121-4704-B73B-00EC53C736F1}.Debug|Any CPU.Build.0 = Debug|Any CPU
		{FF9FD04F-3121-4704-B73B-00EC53C736F1}.Release|Any CPU.ActiveCfg = Release|Any CPU
		{FF9FD04F-3121-4704-B73B-00EC53C736F1}.Release|Any CPU.Build.0 = Release|Any CPU
	EndGlobalSection
	GlobalSection(SolutionProperties) = preSolution
		HideSolutionNode = FALSE
	EndGlobalSection
	GlobalSection(ExtensibilityGlobals) = postSolution
		SolutionGuid = {2BB44E6A-9AFE-4F32-8F5F-C2F9211FAA4C}
	EndGlobalSection
EndGlobal
